# generated by rye
# use `rye lock` or `rye sync` to update this lockfile
#
# last locked with the following flags:
#   pre: false
#   features: []
#   all-features: true
#   with-sources: false

-e file:.
affine==2.4.0
    # via rasterio
annotated-types==0.6.0
    # via pydantic
appdirs==1.4.4
    # via crowsetta
attrs==23.2.0
    # via crowsetta
    # via rasterio
birdsong-recognition-dataset==0.3.2.post1
    # via crowsetta
certifi==2024.2.2
    # via rasterio
cffi==1.16.0
    # via soundfile
click==8.1.7
    # via click-plugins
    # via cligj
    # via rasterio
click-plugins==1.1.1
    # via rasterio
cligj==0.7.2
    # via rasterio
contourpy==1.1.1
    # via matplotlib
crowsetta==4.0.0.post2
    # via soundevent
cycler==0.12.1
    # via matplotlib
cython==3.0.10
    # via soundevent
dnspython==2.6.1
    # via email-validator
email-validator==2.1.1
    # via soundevent
evfuncs==0.3.5.post1
    # via crowsetta
fonttools==4.51.0
    # via matplotlib
idna==3.7
    # via email-validator
importlib-metadata==7.1.0
    # via rasterio
    # via typeguard
importlib-resources==5.13.0
    # via crowsetta
    # via matplotlib
    # via soundevent
joblib==1.4.0
    # via scikit-learn
kiwisolver==1.4.5
    # via matplotlib
matplotlib==3.7.5
    # via soundevent
multimethod==1.10
    # via pandera
mypy-extensions==1.0.0
    # via typing-inspect
numpy==1.24.4
    # via birdsong-recognition-dataset
    # via contourpy
    # via crowsetta
    # via evfuncs
    # via matplotlib
    # via pandas
    # via pandera
    # via rasterio
    # via scikit-learn
    # via scipy
    # via shapely
    # via snuggs
    # via xarray
packaging==24.0
    # via matplotlib
    # via pandera
    # via xarray
pandas==2.0.3
    # via crowsetta
    # via pandera
    # via xarray
pandera==0.18.3
    # via crowsetta
pillow==10.3.0
    # via matplotlib
pycparser==2.22
    # via cffi
pydantic==2.7.1
    # via pandera
    # via soundevent
pydantic-core==2.18.2
    # via pydantic
pyparsing==3.1.2
    # via matplotlib
    # via snuggs
python-dateutil==2.9.0.post0
    # via matplotlib
    # via pandas
pytz==2024.1
    # via pandas
rasterio==1.3.10
    # via soundevent
scikit-learn==1.3.2
    # via soundevent
scipy==1.10.1
    # via crowsetta
    # via evfuncs
    # via scikit-learn
    # via soundevent
setuptools==69.5.1
    # via rasterio
shapely==2.0.4
    # via soundevent
six==1.16.0
    # via python-dateutil
snuggs==1.4.7
    # via rasterio
soundfile==0.12.1
    # via crowsetta
    # via soundevent
threadpoolctl==3.4.0
    # via scikit-learn
typeguard==4.2.1
    # via pandera
typing-extensions==4.11.0
    # via annotated-types
    # via pydantic
    # via pydantic-core
    # via typeguard
    # via typing-inspect
typing-inspect==0.9.0
    # via pandera
tzdata==2024.1
    # via pandas
wrapt==1.16.0
    # via pandera
xarray==2023.1.0
    # via soundevent
zipp==3.18.1
    # via importlib-metadata
    # via importlib-resources
